PODS:
  - FBAEMKit (16.1.0):
    - FBSDKCoreKit_Basics (= 16.1.0)
  - FBSDKCoreKit (16.1.0):
    - FBAEMKit (= 16.1.0)
    - FBSDKCoreKit_Basics (= 16.1.0)
  - FBSDKCoreKit_Basics (16.1.0)
  - FBSDKLoginKit (16.1.0):
    - FBSDKCoreKit (= 16.1.0)
  - FBSDKShareKit (16.1.0):
    - FBSDKCoreKit (= 16.1.0)
  - Kingfisher (7.7.0)
  - SwiftLint (0.52.2)

DEPENDENCIES:
  - FBSDKCoreKit (~> 16.1.0)
  - FBSDKLoginKit (~> 16.1.0)
  - FBSDKShareKit (~> 16.1.0)
  - Kingfisher (~> 7.7.0)
  - SwiftLint (~> 0.52.2)

SPEC REPOS:
  https://github.com/CocoaPods/Specs.git:
    - FBAEMKit
    - FBSDKCoreKit
    - FBSDKCoreKit_Basics
    - FBSDKLoginKit
    - FBSDKShareKit
    - Kingfisher
    - SwiftLint

SPEC CHECKSUMS:
  FBAEMKit: c7efe06720a8b15b1d25b68921ba46dee20996e0
  FBSDKCoreKit: ca77d40d46786157b7b31ad3516f5ad9c2315339
  FBSDKCoreKit_Basics: d39c3361379def7297bf76738cdd4fd2e0eb1a68
  FBSDKLoginKit: 8fa1a0e3be1c9e8ae6df522844235a05cb03d835
  FBSDKShareKit: 6dc40042ed436cd3469f975957062be3fc721dea
  Kingfisher: f043ac666dfc96c1f37604f93effb45a7ee3a3e1
  SwiftLint: 1ac76dac888ca05cb0cf24d0c85887ec1209961d

PODFILE CHECKSUM: 3cccc8baa8b5f27f7ab71b476d7f0bd474c3ef2e

COCOAPODS: 1.12.1
