PODS:
  - AlisterSwift (0.1.0)
  - DZNEmptyDataSet (1.8.1)
  - FBAEMKit (12.3.1):
    - FBSDKCoreKit_Basics (= 12.3.1)
  - FBSDKCoreKit (12.3.1):
    - FBAEMKit (= 12.3.1)
    - FBSDKCoreKit_Basics (= 12.3.1)
  - FBSDKCoreKit_Basics (12.3.1)
  - FBSDKLoginKit (12.3.1):
    - FBSDKCoreKit (= 12.3.1)
  - FBSDKShareKit (12.3.1):
    - FBSDKCoreKit (= 12.3.1)
  - Kingfisher (6.3.0)
  - PKHUD (5.3.0)
  - R.swift (6.1.0):
    - R.swift.Library (~> 5.3.0)
  - R.swift.Library (5.3.0)
  - SnapKit (5.0.1)
  - SwiftLint (0.46.2)
  - SwiftyJSON (5.0.1)

DEPENDENCIES:
  - AlisterSwift (from `https://github.com/anodamobi/AlisterSwift.git`, commit `ff395f6`, branch `develop`)
  - DZNEmptyDataSet (~> 1.8.1)
  - FBSDKCoreKit (~> 12.3.0)
  - FBSDKLoginKit (~> 12.3.0)
  - FBSDKShareKit (~> 12.3.0)
  - Kingfisher (~> 6.3.0)
  - PKHUD (~> 5.3.0)
  - R.swift (~> 6.1.0)
  - SnapKit (~> 5.0.0)
  - SwiftLint (~> 0.46.2)
  - SwiftyJSON (~> 5.0.1)

SPEC REPOS:
  https://github.com/CocoaPods/Specs.git:
    - DZNEmptyDataSet
    - R.swift
    - R.swift.Library
    - SwiftLint
  trunk:
    - FBAEMKit
    - FBSDKCoreKit
    - FBSDKCoreKit_Basics
    - FBSDKLoginKit
    - FBSDKShareKit
    - Kingfisher
    - PKHUD
    - SnapKit
    - SwiftyJSON

EXTERNAL SOURCES:
  AlisterSwift:
    :branch: develop
    :commit: ff395f6
    :git: https://github.com/anodamobi/AlisterSwift.git

CHECKOUT OPTIONS:
  AlisterSwift:
    :commit: 2256340f3359f592425a949c1bda641415603942
    :git: https://github.com/anodamobi/AlisterSwift.git

SPEC CHECKSUMS:
  AlisterSwift: 19c1632b402a709714a63a4a2fc932eaa42f4943
  DZNEmptyDataSet: 9525833b9e68ac21c30253e1d3d7076cc828eaa7
  FBAEMKit: 98e4afc9f867c6db3d1c0e7e3727d94a630b5f59
  FBSDKCoreKit: 4f348872eae956c922aca1a13771b9c2d4602088
  FBSDKCoreKit_Basics: b832439de7a8262ee17495889264e75785af54de
  FBSDKLoginKit: 4adb764028103621b48dfd601b08b03fe2114cdf
  FBSDKShareKit: c09900fc885130c009194ef35992cbdcad47fe27
  Kingfisher: 6c3df386db71d82c0817a429d2c9421a77396529
  PKHUD: 98f3e4bc904b9c916f1c5bb6d765365b5357291b
  R.swift: ec98ff71c4ab2f6fd01dd077e5afd15e63a4834c
  R.swift.Library: 0fc583cb55a99e28901299cc451614cad1161962
  SnapKit: 97b92857e3df3a0c71833cce143274bf6ef8e5eb
  SwiftLint: 6bc52a21f0fd44cab9aa2dc8e534fb9f5e3ec507
  SwiftyJSON: 2f33a42c6fbc52764d96f13368585094bfd8aa5e

PODFILE CHECKSUM: 8034932a9b263c946456b294e607b314d5750c81

COCOAPODS: 1.11.2
