PODS:
  - AlisterSwift (0.1.0)
  - FBAEMKit (13.2.0):
    - FBSDKCoreKit_Basics (= 13.2.0)
  - FBSDKCoreKit (13.2.0):
    - FBAEMKit (= 13.2.0)
    - FBSDKCoreKit_Basics (= 13.2.0)
  - FBSDKCoreKit_Basics (13.2.0)
  - FBSDKLoginKit (13.2.0):
    - FBSDKCoreKit (= 13.2.0)
  - FBSDKShareKit (13.2.0):
    - FBSDKCoreKit (= 13.2.0)
  - Kingfisher (6.3.0)
  - R.swift (6.1.0):
    - R.swift.Library (~> 5.3.0)
  - R.swift.Library (5.3.0)
  - SwiftLint (0.47.1)

DEPENDENCIES:
  - AlisterSwift (from `https://github.com/anodamobi/AlisterSwift.git`, commit `ff395f6`, branch `develop`)
  - FBSDKCoreKit (~> 13.2.0)
  - FBSDKLoginKit (~> 13.2.0)
  - FBSDKShareKit (~> 13.2.0)
  - Kingfisher (~> 6.3.0)
  - R.swift (~> 6.1.0)
  - SwiftLint (~> 0.47.1)

SPEC REPOS:
  https://github.com/CocoaPods/Specs.git:
    - FBAEMKit
    - FBSDKCoreKit
    - FBSDKCoreKit_Basics
    - FBSDKLoginKit
    - FBSDKShareKit
    - R.swift
    - R.swift.Library
    - SwiftLint
  trunk:
    - Kingfisher

EXTERNAL SOURCES:
  AlisterSwift:
    :branch: develop
    :commit: ff395f6
    :git: https://github.com/anodamobi/AlisterSwift.git

CHECKOUT OPTIONS:
  AlisterSwift:
    :commit: 2256340f3359f592425a949c1bda641415603942
    :git: https://github.com/anodamobi/AlisterSwift.git

SPEC CHECKSUMS:
  AlisterSwift: 19c1632b402a709714a63a4a2fc932eaa42f4943
  FBAEMKit: c2b2895363b7e57192013d1dc49fdf498b28624c
  FBSDKCoreKit: 58139803d861e72c7661dc875611a759352a55ac
  FBSDKCoreKit_Basics: 1ffc68326a5ece051d85574f02a0adcf27c2a5f2
  FBSDKLoginKit: 19e2a878556c2ee4f20486dc406e582783cd7578
  FBSDKShareKit: 079497bb0cfeb049dc8ff6aee2702698680a2806
  Kingfisher: 6c3df386db71d82c0817a429d2c9421a77396529
  R.swift: ec98ff71c4ab2f6fd01dd077e5afd15e63a4834c
  R.swift.Library: 0fc583cb55a99e28901299cc451614cad1161962
  SwiftLint: f80f1be7fa96d30e0aa68e58d45d4ea1ccaac519

PODFILE CHECKSUM: 6a1158edb791bcdb5a12eb67d7586bd243e46911

COCOAPODS: 1.11.3
